
Microsoft Visual Studio Solution File, Format Version 12.00
# Visual Studio 15
VisualStudioVersion = 15.0.28010.2026
MinimumVisualStudioVersion = 10.0.40219.1
Project("{FAE04EC0-301F-11D3-BF4B-00C04F79EFBC}") = "GameStoreAPI", "GameStoreAPI\GameStoreAPI.csproj", "{1FF550B0-8412-48B7-9C84-13A811B7E6F8}"
EndProject
Global
	GlobalSection(SolutionConfigurationPlatforms) = preSolution
		Debug|Any CPU = Debug|Any CPU
		Release|Any CPU = Release|Any CPU
	EndGlobalSection
	GlobalSection(ProjectConfigurationPlatforms) = postSolution
		{1FF550B0-8412-48B7-9C84-13A811B7E6F8}.Debug|Any CPU.ActiveCfg = Debug|Any CPU
		{1FF550B0-8412-48B7-9C84-13A811B7E6F8}.Debug|Any CPU.Build.0 = Debug|Any CPU
		{1FF550B0-8412-48B7-9C84-13A811B7E6F8}.Release|Any CPU.ActiveCfg = Release|Any CPU
		{1FF550B0-8412-48B7-9C84-13A811B7E6F8}.Release|Any CPU.Build.0 = Release|Any CPU
	EndGlobalSection
	GlobalSection(SolutionProperties) = preSolution
		HideSolutionNode = FALSE
	EndGlobalSection
	GlobalSection(ExtensibilityGlobals) = postSolution
		SolutionGuid = {5C253DF6-0EC2-42A5-B2AE-D308AC9C1F33}
	EndGlobalSection
EndGlobal
